# This file was autogenerated by Stack.
# You should not edit this file by hand.
# For more information, please see the documentation at:
#   https://docs.haskellstack.org/en/stable/lock_files

packages:
- completed:
    name: mcrcon
    version: 0.1.0.0
    git: https://github.com/Innf107/mcrcon
    pantry-tree:
      size: 629
      sha256: 977be6441874cbea16e1c7267611d0653c220d85953eac5c1e5481c76f4691e3
    commit: 4178833e4610ed04dbb89f5d0e693ffb6f231afd
  original:
    git: https://github.com/Innf107/mcrcon
    commit: 4178833e4610ed04dbb89f5d0e693ffb6f231afd
snapshots:
- completed:
    size: 571803
    url: https://raw.githubusercontent.com/commercialhaskell/stackage-snapshots/master/nightly/2021/8/8.yaml
    sha256: 8492e8c97cab9a573cc1a559c688201fd29db575bada55d867717188791c7133
  original: nightly-2021-08-08
